
Microsoft Visual Studio Solution File, Format Version 12.00
# Visual Studio 2013
VisualStudioVersion = 12.0.30723.0
MinimumVisualStudioVersion = 10.0.40219.1
Project("{FAE04EC0-301F-11D3-BF4B-00C04F79EFBC}") = "Core.Shared", "Core.Shared\Core.Shared.csproj", "{1D65DAD3-014C-447E-B9D8-7AE0C8CC73B9}"
EndProject
Project("{FAE04EC0-301F-11D3-BF4B-00C04F79EFBC}") = "Domain.Surveys", "Domain.Surveys\Domain.Surveys.csproj", "{B6C3C369-8129-4AFA-9C32-AE905A0EEBA6}"
EndProject
Project("{FAE04EC0-301F-11D3-BF4B-00C04F79EFBC}") = "Core.ApplicationServices", "Core.ApplicationServices\Core.ApplicationServices.csproj", "{0FEA0D18-12FA-4413-A311-24FA8CEB3A50}"
EndProject
Project("{FAE04EC0-301F-11D3-BF4B-00C04F79EFBC}") = "Core.Infrastructure", "Core.Infrastructure\Core.Infrastructure.csproj", "{C8D3ED5D-1D2C-4B2B-8557-179705D58459}"
EndProject
Project("{2150E333-8FDC-42A3-9474-1A3956D46DE8}") = "UI", "UI", "{85CBB006-3C86-485B-BA73-509A8D455F09}"
EndProject
Project("{FAE04EC0-301F-11D3-BF4B-00C04F79EFBC}") = "Test.WebApplication", "Test.WebApplication\Test.WebApplication.csproj", "{72D8B79A-EA29-4F07-A4AE-2696742C5559}"
EndProject
Global
	GlobalSection(SolutionConfigurationPlatforms) = preSolution
		Debug|Any CPU = Debug|Any CPU
		Debug|ARM = Debug|ARM
		Debug|x64 = Debug|x64
		Debug|x86 = Debug|x86
		Release|Any CPU = Release|Any CPU
		Release|ARM = Release|ARM
		Release|x64 = Release|x64
		Release|x86 = Release|x86
	EndGlobalSection
	GlobalSection(ProjectConfigurationPlatforms) = postSolution
		{1D65DAD3-014C-447E-B9D8-7AE0C8CC73B9}.Debug|Any CPU.ActiveCfg = Debug|Any CPU
		{1D65DAD3-014C-447E-B9D8-7AE0C8CC73B9}.Debug|Any CPU.Build.0 = Debug|Any CPU
		{1D65DAD3-014C-447E-B9D8-7AE0C8CC73B9}.Debug|ARM.ActiveCfg = Debug|Any CPU
		{1D65DAD3-014C-447E-B9D8-7AE0C8CC73B9}.Debug|x64.ActiveCfg = Debug|Any CPU
		{1D65DAD3-014C-447E-B9D8-7AE0C8CC73B9}.Debug|x86.ActiveCfg = Debug|Any CPU
		{1D65DAD3-014C-447E-B9D8-7AE0C8CC73B9}.Release|Any CPU.ActiveCfg = Release|Any CPU
		{1D65DAD3-014C-447E-B9D8-7AE0C8CC73B9}.Release|Any CPU.Build.0 = Release|Any CPU
		{1D65DAD3-014C-447E-B9D8-7AE0C8CC73B9}.Release|ARM.ActiveCfg = Release|Any CPU
		{1D65DAD3-014C-447E-B9D8-7AE0C8CC73B9}.Release|x64.ActiveCfg = Release|Any CPU
		{1D65DAD3-014C-447E-B9D8-7AE0C8CC73B9}.Release|x86.ActiveCfg = Release|Any CPU
		{B6C3C369-8129-4AFA-9C32-AE905A0EEBA6}.Debug|Any CPU.ActiveCfg = Debug|Any CPU
		{B6C3C369-8129-4AFA-9C32-AE905A0EEBA6}.Debug|Any CPU.Build.0 = Debug|Any CPU
		{B6C3C369-8129-4AFA-9C32-AE905A0EEBA6}.Debug|ARM.ActiveCfg = Debug|Any CPU
		{B6C3C369-8129-4AFA-9C32-AE905A0EEBA6}.Debug|x64.ActiveCfg = Debug|Any CPU
		{B6C3C369-8129-4AFA-9C32-AE905A0EEBA6}.Debug|x86.ActiveCfg = Debug|Any CPU
		{B6C3C369-8129-4AFA-9C32-AE905A0EEBA6}.Release|Any CPU.ActiveCfg = Release|Any CPU
		{B6C3C369-8129-4AFA-9C32-AE905A0EEBA6}.Release|Any CPU.Build.0 = Release|Any CPU
		{B6C3C369-8129-4AFA-9C32-AE905A0EEBA6}.Release|ARM.ActiveCfg = Release|Any CPU
		{B6C3C369-8129-4AFA-9C32-AE905A0EEBA6}.Release|x64.ActiveCfg = Release|Any CPU
		{B6C3C369-8129-4AFA-9C32-AE905A0EEBA6}.Release|x86.ActiveCfg = Release|Any CPU
		{0FEA0D18-12FA-4413-A311-24FA8CEB3A50}.Debug|Any CPU.ActiveCfg = Debug|Any CPU
		{0FEA0D18-12FA-4413-A311-24FA8CEB3A50}.Debug|Any CPU.Build.0 = Debug|Any CPU
		{0FEA0D18-12FA-4413-A311-24FA8CEB3A50}.Debug|ARM.ActiveCfg = Debug|Any CPU
		{0FEA0D18-12FA-4413-A311-24FA8CEB3A50}.Debug|x64.ActiveCfg = Debug|Any CPU
		{0FEA0D18-12FA-4413-A311-24FA8CEB3A50}.Debug|x86.ActiveCfg = Debug|Any CPU
		{0FEA0D18-12FA-4413-A311-24FA8CEB3A50}.Release|Any CPU.ActiveCfg = Release|Any CPU
		{0FEA0D18-12FA-4413-A311-24FA8CEB3A50}.Release|Any CPU.Build.0 = Release|Any CPU
		{0FEA0D18-12FA-4413-A311-24FA8CEB3A50}.Release|ARM.ActiveCfg = Release|Any CPU
		{0FEA0D18-12FA-4413-A311-24FA8CEB3A50}.Release|x64.ActiveCfg = Release|Any CPU
		{0FEA0D18-12FA-4413-A311-24FA8CEB3A50}.Release|x86.ActiveCfg = Release|Any CPU
		{C8D3ED5D-1D2C-4B2B-8557-179705D58459}.Debug|Any CPU.ActiveCfg = Debug|Any CPU
		{C8D3ED5D-1D2C-4B2B-8557-179705D58459}.Debug|Any CPU.Build.0 = Debug|Any CPU
		{C8D3ED5D-1D2C-4B2B-8557-179705D58459}.Debug|ARM.ActiveCfg = Debug|Any CPU
		{C8D3ED5D-1D2C-4B2B-8557-179705D58459}.Debug|x64.ActiveCfg = Debug|Any CPU
		{C8D3ED5D-1D2C-4B2B-8557-179705D58459}.Debug|x86.ActiveCfg = Debug|Any CPU
		{C8D3ED5D-1D2C-4B2B-8557-179705D58459}.Release|Any CPU.ActiveCfg = Release|Any CPU
		{C8D3ED5D-1D2C-4B2B-8557-179705D58459}.Release|Any CPU.Build.0 = Release|Any CPU
		{C8D3ED5D-1D2C-4B2B-8557-179705D58459}.Release|ARM.ActiveCfg = Release|Any CPU
		{C8D3ED5D-1D2C-4B2B-8557-179705D58459}.Release|x64.ActiveCfg = Release|Any CPU
		{C8D3ED5D-1D2C-4B2B-8557-179705D58459}.Release|x86.ActiveCfg = Release|Any CPU
		{72D8B79A-EA29-4F07-A4AE-2696742C5559}.Debug|Any CPU.ActiveCfg = Debug|Any CPU
		{72D8B79A-EA29-4F07-A4AE-2696742C5559}.Debug|Any CPU.Build.0 = Debug|Any CPU
		{72D8B79A-EA29-4F07-A4AE-2696742C5559}.Debug|ARM.ActiveCfg = Debug|Any CPU
		{72D8B79A-EA29-4F07-A4AE-2696742C5559}.Debug|x64.ActiveCfg = Debug|Any CPU
		{72D8B79A-EA29-4F07-A4AE-2696742C5559}.Debug|x86.ActiveCfg = Debug|Any CPU
		{72D8B79A-EA29-4F07-A4AE-2696742C5559}.Release|Any CPU.ActiveCfg = Release|Any CPU
		{72D8B79A-EA29-4F07-A4AE-2696742C5559}.Release|Any CPU.Build.0 = Release|Any CPU
		{72D8B79A-EA29-4F07-A4AE-2696742C5559}.Release|ARM.ActiveCfg = Release|Any CPU
		{72D8B79A-EA29-4F07-A4AE-2696742C5559}.Release|x64.ActiveCfg = Release|Any CPU
		{72D8B79A-EA29-4F07-A4AE-2696742C5559}.Release|x86.ActiveCfg = Release|Any CPU
	EndGlobalSection
	GlobalSection(SolutionProperties) = preSolution
		HideSolutionNode = FALSE
	EndGlobalSection
	GlobalSection(NestedProjects) = preSolution
		{72D8B79A-EA29-4F07-A4AE-2696742C5559} = {85CBB006-3C86-485B-BA73-509A8D455F09}
	EndGlobalSection
EndGlobal
